<?xml version="1.0" encoding="utf-8"?>
<Project ToolsVersion="4.0" xmlns="http://schemas.microsoft.com/developer/msbuild/2003">
  <ItemGroup>
    <Filter Include="Source Files">
      <UniqueIdentifier>{4FC737F1-C7A5-4376-A066-2A32D752A2FF}</UniqueIdentifier>
      <Extensions>cpp;c;cc;cxx;def;odl;idl;hpj;bat;asm;asmx</Extensions>
    </Filter>
    <Filter Include="Header Files">
      <UniqueIdentifier>{93995380-89BD-4b04-88EB-625FBE52EBFB}</UniqueIdentifier>
      <Extensions>h;hh;hpp;hxx;hm;inl;inc;xsd</Extensions>
    </Filter>
    <Filter Include="Resource Files">
      <UniqueIdentifier>{67DA6AB6-F800-4c08-8B7A-83BB121AAD01}</UniqueIdentifier>
      <Extensions>rc;ico;cur;bmp;dlg;rc2;rct;bin;rgs;gif;jpg;jpeg;jpe;resx;tiff;tif;png;wav;mfcribbon-ms</Extensions>
    </Filter>
    <Filter Include="Source Files\Utilities">
      <UniqueIdentifier>{f992430f-0e55-45bd-992d-3815fcaec1f8}</UniqueIdentifier>
    </Filter>
    <Filter Include="Source Files\StartUp">
      <UniqueIdentifier>{a9896642-c620-40dd-a587-700994cabfee}</UniqueIdentifier>
    </Filter>
    <Filter Include="Source Files\GameItems">
      <UniqueIdentifier>{9de3017a-d2c5-4989-867e-a3081dc883bb}</UniqueIdentifier>
    </Filter>
  </ItemGroup>
  <ItemGroup>
    <ClInclude Include="stdafx.h">
      <Filter>Header Files</Filter>
    </ClInclude>
    <ClInclude Include="targetver.h">
      <Filter>Header Files</Filter>
    </ClInclude>
    <ClInclude Include="Pokemon.h">
      <Filter>Header Files</Filter>
    </ClInclude>
    <ClInclude Include="ConfigLoader.h">
      <Filter>Header Files</Filter>
    </ClInclude>
    <ClInclude Include="StartUpManager.h">
      <Filter>Header Files</Filter>
    </ClInclude>
    <ClInclude Include="PokemonLoader.h">
      <Filter>Header Files</Filter>
    </ClInclude>
    <ClInclude Include="JsonUtility.h">
      <Filter>Header Files</Filter>
    </ClInclude>
    <ClInclude Include="TM.h">
      <Filter>Header Files</Filter>
    </ClInclude>
    <ClInclude Include="TMLoader.h">
      <Filter>Header Files</Filter>
    </ClInclude>
    <ClInclude Include="Trainer.h">
      <Filter>Header Files</Filter>
    </ClInclude>
    <ClInclude Include="Pokedex.h">
      <Filter>Header Files</Filter>
    </ClInclude>
    <ClInclude Include="PokedexEntry.h">
      <Filter>Header Files</Filter>
    </ClInclude>
    <ClInclude Include="Item.h">
      <Filter>Header Files</Filter>
    </ClInclude>
    <ClInclude Include="ItemLoader.h">
      <Filter>Header Files</Filter>
    </ClInclude>
  </ItemGroup>
  <ItemGroup>
    <ClCompile Include="stdafx.cpp">
      <Filter>Source Files</Filter>
    </ClCompile>
    <ClCompile Include="PokemonGame.cpp">
      <Filter>Source Files</Filter>
    </ClCompile>
    <ClCompile Include="Pokemon.cpp">
      <Filter>Source Files</Filter>
    </ClCompile>
    <ClCompile Include="ConfigLoader.cpp">
      <Filter>Source Files\Utilities</Filter>
    </ClCompile>
    <ClCompile Include="StartUpManager.cpp">
      <Filter>Source Files\StartUp</Filter>
    </ClCompile>
    <ClCompile Include="PokemonLoader.cpp">
      <Filter>Source Files\StartUp</Filter>
    </ClCompile>
    <ClCompile Include="JsonUtility.cpp">
      <Filter>Source Files\Utilities</Filter>
    </ClCompile>
    <ClCompile Include="Trainer.cpp">
      <Filter>Source Files</Filter>
    </ClCompile>
    <ClCompile Include="Pokedex.cpp">
      <Filter>Source Files</Filter>
    </ClCompile>
    <ClCompile Include="PokedexEntry.cpp">
      <Filter>Source Files</Filter>
    </ClCompile>
    <ClCompile Include="TMLoader.cpp">
      <Filter>Source Files\StartUp</Filter>
    </ClCompile>
    <ClCompile Include="ItemLoader.cpp">
      <Filter>Source Files\StartUp</Filter>
    </ClCompile>
    <ClCompile Include="Item.cpp">
      <Filter>Source Files\GameItems</Filter>
    </ClCompile>
    <ClCompile Include="TM.cpp">
      <Filter>Source Files\GameItems</Filter>
    </ClCompile>
  </ItemGroup>
</Project>